
Microsoft Visual Studio Solution File, Format Version 12.00
# Visual Studio Version 17
VisualStudioVersion = 17.6.33829.357
MinimumVisualStudioVersion = 10.0.40219.1
Project("{FAE04EC0-301F-11D3-BF4B-00C04F79EFBC}") = "variables", "variables\variables.csproj", "{0FCBABF5-5CB4-4267-A920-4494B7225549}"
EndProject
Global
	GlobalSection(SolutionConfigurationPlatforms) = preSolution
		Debug|Any CPU = Debug|Any CPU
		Release|Any CPU = Release|Any CPU
	EndGlobalSection
	GlobalSection(ProjectConfigurationPlatforms) = postSolution
		{0FCBABF5-5CB4-4267-A920-4494B7225549}.Debug|Any CPU.ActiveCfg = Debug|Any CPU
		{0FCBABF5-5CB4-4267-A920-4494B7225549}.Debug|Any CPU.Build.0 = Debug|Any CPU
		{0FCBABF5-5CB4-4267-A920-4494B7225549}.Release|Any CPU.ActiveCfg = Release|Any CPU
		{0FCBABF5-5CB4-4267-A920-4494B7225549}.Release|Any CPU.Build.0 = Release|Any CPU
	EndGlobalSection
	GlobalSection(SolutionProperties) = preSolution
		HideSolutionNode = FALSE
	EndGlobalSection
	GlobalSection(ExtensibilityGlobals) = postSolution
		SolutionGuid = {AB262592-FB53-437E-B4B9-843EF8415CB2}
	EndGlobalSection
EndGlobal
